// !$*UTF8*$!
{
	archiveVersion = 1;
	classes = {
	};
	objectVersion = 55;
	objects = {

/* Begin PBXBuildFile section */
		F62E1C20289F45EB009443A9 /* AppDelegate.swift in Sources */ = {isa = PBXBuildFile; fileRef = F62E1C1F289F45EB009443A9 /* AppDelegate.swift */; };
		F62E1C22289F45EB009443A9 /* SceneDelegate.swift in Sources */ = {isa = PBXBuildFile; fileRef = F62E1C21289F45EB009443A9 /* SceneDelegate.swift */; };
		F62E1C24289F45EB009443A9 /* ViewController.swift in Sources */ = {isa = PBXBuildFile; fileRef = F62E1C23289F45EB009443A9 /* ViewController.swift */; };
		F62E1C27289F45EB009443A9 /* Main.storyboard in Resources */ = {isa = PBXBuildFile; fileRef = F62E1C25289F45EB009443A9 /* Main.storyboard */; };
		F62E1C2A289F45EB009443A9 /* DataStorage_HW_14.xcdatamodeld in Sources */ = {isa = PBXBuildFile; fileRef = F62E1C28289F45EB009443A9 /* DataStorage_HW_14.xcdatamodeld */; };
		F62E1C2C289F45ED009443A9 /* Assets.xcassets in Resources */ = {isa = PBXBuildFile; fileRef = F62E1C2B289F45ED009443A9 /* Assets.xcassets */; };
		F62E1C2F289F45ED009443A9 /* LaunchScreen.storyboard in Resources */ = {isa = PBXBuildFile; fileRef = F62E1C2D289F45ED009443A9 /* LaunchScreen.storyboard */; };
/* End PBXBuildFile section */

/* Begin PBXFileReference section */
		F62E1C1C289F45EB009443A9 /* DataStorage_HW_14.app */ = {isa = PBXFileReference; explicitFileType = wrapper.application; includeInIndex = 0; path = DataStorage_HW_14.app; sourceTree = BUILT_PRODUCTS_DIR; };
		F62E1C1F289F45EB009443A9 /* AppDelegate.swift */ = {isa = PBXFileReference; lastKnownFileType = sourcecode.swift; path = AppDelegate.swift; sourceTree = "<group>"; };
		F62E1C21289F45EB009443A9 /* SceneDelegate.swift */ = {isa = PBXFileReference; lastKnownFileType = sourcecode.swift; path = SceneDelegate.swift; sourceTree = "<group>"; };
		F62E1C23289F45EB009443A9 /* ViewController.swift */ = {isa = PBXFileReference; lastKnownFileType = sourcecode.swift; path = ViewController.swift; sourceTree = "<group>"; };
		F62E1C26289F45EB009443A9 /* Base */ = {isa = PBXFileReference; lastKnownFileType = file.storyboard; name = Base; path = Base.lproj/Main.storyboard; sourceTree = "<group>"; };
		F62E1C29289F45EB009443A9 /* DataStorage_HW_14.xcdatamodel */ = {isa = PBXFileReference; lastKnownFileType = wrapper.xcdatamodel; path = DataStorage_HW_14.xcdatamodel; sourceTree = "<group>"; };
		F62E1C2B289F45ED009443A9 /* Assets.xcassets */ = {isa = PBXFileReference; lastKnownFileType = folder.assetcatalog; path = Assets.xcassets; sourceTree = "<group>"; };
		F62E1C2E289F45ED009443A9 /* Base */ = {isa = PBXFileReference; lastKnownFileType = file.storyboard; name = Base; path = Base.lproj/LaunchScreen.storyboard; sourceTree = "<group>"; };
		F62E1C30289F45ED009443A9 /* Info.plist */ = {isa = PBXFileReference; lastKnownFileType = text.plist.xml; path = Info.plist; sourceTree = "<group>"; };
/* End PBXFileReference section */

/* Begin PBXFrameworksBuildPhase section */
		F62E1C19289F45EB009443A9 /* Frameworks */ = {
			isa = PBXFrameworksBuildPhase;
			buildActionMask = 2147483647;
			files = (
			);
			runOnlyForDeploymentPostprocessing = 0;
		};
/* End PBXFrameworksBuildPhase section */

/* Begin PBXGroup section */
		F62E1C13289F45EB009443A9 = {
			isa = PBXGroup;
			children = (
				F62E1C1E289F45EB009443A9 /* DataStorage_HW_14 */,
				F62E1C1D289F45EB009443A9 /* Products */,
			);
			sourceTree = "<group>";
		};
		F62E1C1D289F45EB009443A9 /* Products */ = {
			isa = PBXGroup;
			children = (
				F62E1C1C289F45EB009443A9 /* DataStorage_HW_14.app */,
			);
			name = Products;
			sourceTree = "<group>";
		};
		F62E1C1E289F45EB009443A9 /* DataStorage_HW_14 */ = {
			isa = PBXGroup;
			children = (
				F62E1C1F289F45EB009443A9 /* AppDelegate.swift */,
				F62E1C21289F45EB009443A9 /* SceneDelegate.swift */,
				F62E1C23289F45EB009443A9 /* ViewController.swift */,
				F62E1C25289F45EB009443A9 /* Main.storyboard */,
				F62E1C2B289F45ED009443A9 /* Assets.xcassets */,
				F62E1C2D289F45ED009443A9 /* LaunchScreen.storyboard */,
				F62E1C30289F45ED009443A9 /* Info.plist */,
				F62E1C28289F45EB009443A9 /* DataStorage_HW_14.xcdatamodeld */,
			);
			path = DataStorage_HW_14;
			sourceTree = "<group>";
		};
/* End PBXGroup section */

/* Begin PBXNativeTarget section */
		F62E1C1B289F45EB009443A9 /* DataStorage_HW_14 */ = {
			isa = PBXNativeTarget;
			buildConfigurationList = F62E1C33289F45ED009443A9 /* Build configuration list for PBXNativeTarget "DataStorage_HW_14" */;
			buildPhases = (
				F62E1C18289F45EB009443A9 /* Sources */,
				F62E1C19289F45EB009443A9 /* Frameworks */,
				F62E1C1A289F45EB009443A9 /* Resources */,
			);
			buildRules = (
			);
			dependencies = (
			);
			name = DataStorage_HW_14;
			productName = DataStorage_HW_14;
			productReference = F62E1C1C289F45EB009443A9 /* DataStorage_HW_14.app */;
			productType = "com.apple.product-type.application";
		};
/* End PBXNativeTarget section */

/* Begin PBXProject section */
		F62E1C14289F45EB009443A9 /* Project object */ = {
			isa = PBXProject;
			attributes = {
				BuildIndependentTargetsInParallel = 1;
				LastSwiftUpdateCheck = 1340;
				LastUpgradeCheck = 1340;
				TargetAttributes = {
					F62E1C1B289F45EB009443A9 = {
						CreatedOnToolsVersion = 13.4.1;
					};
				};
			};
			buildConfigurationList = F62E1C17289F45EB009443A9 /* Build configuration list for PBXProject "DataStorage_HW_14" */;
			compatibilityVersion = "Xcode 13.0";
			developmentRegion = en;
			hasScannedForEncodings = 0;
			knownRegions = (
				en,
				Base,
			);
			mainGroup = F62E1C13289F45EB009443A9;
			productRefGroup = F62E1C1D289F45EB009443A9 /* Products */;
			projectDirPath = "";
			projectRoot = "";
			targets = (
				F62E1C1B289F45EB009443A9 /* DataStorage_HW_14 */,
			);
		};
/* End PBXProject section */

/* Begin PBXResourcesBuildPhase section */
		F62E1C1A289F45EB009443A9 /* Resources */ = {
			isa = PBXResourcesBuildPhase;
			buildActionMask = 2147483647;
			files = (
				F62E1C2F289F45ED009443A9 /* LaunchScreen.storyboard in Resources */,
				F62E1C2C289F45ED009443A9 /* Assets.xcassets in Resources */,
				F62E1C27289F45EB009443A9 /* Main.storyboard in Resources */,
			);
			runOnlyForDeploymentPostprocessing = 0;
		};
/* End PBXResourcesBuildPhase section */

/* Begin PBXSourcesBuildPhase section */
		F62E1C18289F45EB009443A9 /* Sources */ = {
			isa = PBXSourcesBuildPhase;
			buildActionMask = 2147483647;
			files = (
				F62E1C24289F45EB009443A9 /* ViewController.swift in Sources */,
				F62E1C20289F45EB009443A9 /* AppDelegate.swift in Sources */,
				F62E1C22289F45EB009443A9 /* SceneDelegate.swift in Sources */,
				F62E1C2A289F45EB009443A9 /* DataStorage_HW_14.xcdatamodeld in Sources */,
			);
			runOnlyForDeploymentPostprocessing = 0;
		};
/* End PBXSourcesBuildPhase section */

/* Begin PBXVariantGroup section */
		F62E1C25289F45EB009443A9 /* Main.storyboard */ = {
			isa = PBXVariantGroup;
			children = (
				F62E1C26289F45EB009443A9 /* Base */,
			);
			name = Main.storyboard;
			sourceTree = "<group>";
		};
		F62E1C2D289F45ED009443A9 /* LaunchScreen.storyboard */ = {
			isa = PBXVariantGroup;
			children = (
				F62E1C2E289F45ED009443A9 /* Base */,
			);
			name = LaunchScreen.storyboard;
			sourceTree = "<group>";
		};
/* End PBXVariantGroup section */

/* Begin XCBuildConfiguration section */
		F62E1C31289F45ED009443A9 /* Debug */ = {
			isa = XCBuildConfiguration;
			buildSettings = {
				ALWAYS_SEARCH_USER_PATHS = NO;
				CLANG_ANALYZER_NONNULL = YES;
				CLANG_ANALYZER_NUMBER_OBJECT_CONVERSION = YES_AGGRESSIVE;
				CLANG_CXX_LANGUAGE_STANDARD = "gnu++17";
				CLANG_ENABLE_MODULES = YES;
				CLANG_ENABLE_OBJC_ARC = YES;
				CLANG_ENABLE_OBJC_WEAK = YES;
				CLANG_WARN_BLOCK_CAPTURE_AUTORELEASING = YES;
				CLANG_WARN_BOOL_CONVERSION = YES;
				CLANG_WARN_COMMA = YES;
				CLANG_WARN_CONSTANT_CONVERSION = YES;
				CLANG_WARN_DEPRECATED_OBJC_IMPLEMENTATIONS = YES;
				CLANG_WARN_DIRECT_OBJC_ISA_USAGE = YES_ERROR;
				CLANG_WARN_DOCUMENTATION_COMMENTS = YES;
				CLANG_WARN_EMPTY_BODY = YES;
				CLANG_WARN_ENUM_CONVERSION = YES;
				CLANG_WARN_INFINITE_RECURSION = YES;
				CLANG_WARN_INT_CONVERSION = YES;
				CLANG_WARN_NON_LITERAL_NULL_CONVERSION = YES;
				CLANG_WARN_OBJC_IMPLICIT_RETAIN_SELF = YES;
				CLANG_WARN_OBJC_LITERAL_CONVERSION = YES;
				CLANG_WARN_OBJC_ROOT_CLASS = YES_ERROR;
				CLANG_WARN_QUOTED_INCLUDE_IN_FRAMEWORK_HEADER = YES;
				CLANG_WARN_RANGE_LOOP_ANALYSIS = YES;
				CLANG_WARN_STRICT_PROTOTYPES = YES;
				CLANG_WARN_SUSPICIOUS_MOVE = YES;
				CLANG_WARN_UNGUARDED_AVAILABILITY = YES_AGGRESSIVE;
				CLANG_WARN_UNREACHABLE_CODE = YES;
				CLANG_WARN__DUPLICATE_METHOD_MATCH = YES;
				COPY_PHASE_STRIP = NO;
				DEBUG_INFORMATION_FORMAT = dwarf;
				ENABLE_STRICT_OBJC_MSGSEND = YES;
				ENABLE_TESTABILITY = YES;
				GCC_C_LANGUAGE_STANDARD = gnu11;
				GCC_DYNAMIC_NO_PIC = NO;
				GCC_NO_COMMON_BLOCKS = YES;
				GCC_OPTIMIZATION_LEVEL = 0;
				GCC_PREPROCESSOR_DEFINITIONS = (
					"DEBUG=1",
					"$(inherited)",
				);
				GCC_WARN_64_TO_32_BIT_CONVERSION = YES;
				GCC_WARN_ABOUT_RETURN_TYPE = YES_ERROR;
				GCC_WARN_UNDECLARED_SELECTOR = YES;
				GCC_WARN_UNINITIALIZED_AUTOS = YES_AGGRESSIVE;
				GCC_WARN_UNUSED_FUNCTION = YES;
				GCC_WARN_UNUSED_VARIABLE = YES;
				IPHONEOS_DEPLOYMENT_TARGET = 15.5;
				MTL_ENABLE_DEBUG_INFO = INCLUDE_SOURCE;
				MTL_FAST_MATH = YES;
				ONLY_ACTIVE_ARCH = YES;
				SDKROOT = iphoneos;
				SWIFT_ACTIVE_COMPILATION_CONDITIONS = DEBUG;
				SWIFT_OPTIMIZATION_LEVEL = "-Onone";
			};
			name = Debug;
		};
		F62E1C32289F45ED009443A9 /* Release */ = {
			isa = XCBuildConfiguration;
			buildSettings = {
				ALWAYS_SEARCH_USER_PATHS = NO;
				CLANG_ANALYZER_NONNULL = YES;
				CLANG_ANALYZER_NUMBER_OBJECT_CONVERSION = YES_AGGRESSIVE;
				CLANG_CXX_LANGUAGE_STANDARD = "gnu++17";
				CLANG_ENABLE_MODULES = YES;
				CLANG_ENABLE_OBJC_ARC = YES;
				CLANG_ENABLE_OBJC_WEAK = YES;
				CLANG_WARN_BLOCK_CAPTURE_AUTORELEASING = YES;
				CLANG_WARN_BOOL_CONVERSION = YES;
				CLANG_WARN_COMMA = YES;
				CLANG_WARN_CONSTANT_CONVERSION = YES;
				CLANG_WARN_DEPRECATED_OBJC_IMPLEMENTATIONS = YES;
				CLANG_WARN_DIRECT_OBJC_ISA_USAGE = YES_ERROR;
				CLANG_WARN_DOCUMENTATION_COMMENTS = YES;
				CLANG_WARN_EMPTY_BODY = YES;
				CLANG_WARN_ENUM_CONVERSION = YES;
				CLANG_WARN_INFINITE_RECURSION = YES;
				CLANG_WARN_INT_CONVERSION = YES;
				CLANG_WARN_NON_LITERAL_NULL_CONVERSION = YES;
				CLANG_WARN_OBJC_IMPLICIT_RETAIN_SELF = YES;
				CLANG_WARN_OBJC_LITERAL_CONVERSION = YES;
				CLANG_WARN_OBJC_ROOT_CLASS = YES_ERROR;
				CLANG_WARN_QUOTED_INCLUDE_IN_FRAMEWORK_HEADER = YES;
				CLANG_WARN_RANGE_LOOP_ANALYSIS = YES;
				CLANG_WARN_STRICT_PROTOTYPES = YES;
				CLANG_WARN_SUSPICIOUS_MOVE = YES;
				CLANG_WARN_UNGUARDED_AVAILABILITY = YES_AGGRESSIVE;
				CLANG_WARN_UNREACHABLE_CODE = YES;
				CLANG_WARN__DUPLICATE_METHOD_MATCH = YES;
				COPY_PHASE_STRIP = NO;
				DEBUG_INFORMATION_FORMAT = "dwarf-with-dsym";
				ENABLE_NS_ASSERTIONS = NO;
				ENABLE_STRICT_OBJC_MSGSEND = YES;
				GCC_C_LANGUAGE_STANDARD = gnu11;
				GCC_NO_COMMON_BLOCKS = YES;
				GCC_WARN_64_TO_32_BIT_CONVERSION = YES;
				GCC_WARN_ABOUT_RETURN_TYPE = YES_ERROR;
				GCC_WARN_UNDECLARED_SELECTOR = YES;
				GCC_WARN_UNINITIALIZED_AUTOS = YES_AGGRESSIVE;
				GCC_WARN_UNUSED_FUNCTION = YES;
				GCC_WARN_UNUSED_VARIABLE = YES;
				IPHONEOS_DEPLOYMENT_TARGET = 15.5;
				MTL_ENABLE_DEBUG_INFO = NO;
				MTL_FAST_MATH = YES;
				SDKROOT = iphoneos;
				SWIFT_COMPILATION_MODE = wholemodule;
				SWIFT_OPTIMIZATION_LEVEL = "-O";
				VALIDATE_PRODUCT = YES;
			};
			name = Release;
		};
		F62E1C34289F45ED009443A9 /* Debug */ = {
			isa = XCBuildConfiguration;
			buildSettings = {
				ASSETCATALOG_COMPILER_APPICON_NAME = AppIcon;
				ASSETCATALOG_COMPILER_GLOBAL_ACCENT_COLOR_NAME = AccentColor;
				CODE_SIGN_STYLE = Automatic;
				CURRENT_PROJECT_VERSION = 1;
				DEVELOPMENT_TEAM = CJAQY24NC2;
				GENERATE_INFOPLIST_FILE = YES;
				INFOPLIST_FILE = DataStorage_HW_14/Info.plist;
				INFOPLIST_KEY_UIApplicationSupportsIndirectInputEvents = YES;
				INFOPLIST_KEY_UILaunchStoryboardName = LaunchScreen;
				INFOPLIST_KEY_UIMainStoryboardFile = Main;
				INFOPLIST_KEY_UISupportedInterfaceOrientations_iPad = "UIInterfaceOrientationPortrait UIInterfaceOrientationPortraitUpsideDown UIInterfaceOrientationLandscapeLeft UIInterfaceOrientationLandscapeRight";
				INFOPLIST_KEY_UISupportedInterfaceOrientations_iPhone = "UIInterfaceOrientationPortrait UIInterfaceOrientationLandscapeLeft UIInterfaceOrientationLandscapeRight";
				LD_RUNPATH_SEARCH_PATHS = (
					"$(inherited)",
					"@executable_path/Frameworks",
				);
				MARKETING_VERSION = 1.0;
				PRODUCT_BUNDLE_IDENTIFIER = "AG.DataStorage-HW-14";
				PRODUCT_NAME = "$(TARGET_NAME)";
				SWIFT_EMIT_LOC_STRINGS = YES;
				SWIFT_VERSION = 5.0;
				TARGETED_DEVICE_FAMILY = "1,2";
			};
			name = Debug;
		};
		F62E1C35289F45ED009443A9 /* Release */ = {
			isa = XCBuildConfiguration;
			buildSettings = {
				ASSETCATALOG_COMPILER_APPICON_NAME = AppIcon;
				ASSETCATALOG_COMPILER_GLOBAL_ACCENT_COLOR_NAME = AccentColor;
				CODE_SIGN_STYLE = Automatic;
				CURRENT_PROJECT_VERSION = 1;
				DEVELOPMENT_TEAM = CJAQY24NC2;
				GENERATE_INFOPLIST_FILE = YES;
				INFOPLIST_FILE = DataStorage_HW_14/Info.plist;
				INFOPLIST_KEY_UIApplicationSupportsIndirectInputEvents = YES;
				INFOPLIST_KEY_UILaunchStoryboardName = LaunchScreen;
				INFOPLIST_KEY_UIMainStoryboardFile = Main;
				INFOPLIST_KEY_UISupportedInterfaceOrientations_iPad = "UIInterfaceOrientationPortrait UIInterfaceOrientationPortraitUpsideDown UIInterfaceOrientationLandscapeLeft UIInterfaceOrientationLandscapeRight";
				INFOPLIST_KEY_UISupportedInterfaceOrientations_iPhone = "UIInterfaceOrientationPortrait UIInterfaceOrientationLandscapeLeft UIInterfaceOrientationLandscapeRight";
				LD_RUNPATH_SEARCH_PATHS = (
					"$(inherited)",
					"@executable_path/Frameworks",
				);
				MARKETING_VERSION = 1.0;
				PRODUCT_BUNDLE_IDENTIFIER = "AG.DataStorage-HW-14";
				PRODUCT_NAME = "$(TARGET_NAME)";
				SWIFT_EMIT_LOC_STRINGS = YES;
				SWIFT_VERSION = 5.0;
				TARGETED_DEVICE_FAMILY = "1,2";
			};
			name = Release;
		};
/* End XCBuildConfiguration section */

/* Begin XCConfigurationList section */
		F62E1C17289F45EB009443A9 /* Build configuration list for PBXProject "DataStorage_HW_14" */ = {
			isa = XCConfigurationList;
			buildConfigurations = (
				F62E1C31289F45ED009443A9 /* Debug */,
				F62E1C32289F45ED009443A9 /* Release */,
			);
			defaultConfigurationIsVisible = 0;
			defaultConfigurationName = Release;
		};
		F62E1C33289F45ED009443A9 /* Build configuration list for PBXNativeTarget "DataStorage_HW_14" */ = {
			isa = XCConfigurationList;
			buildConfigurations = (
				F62E1C34289F45ED009443A9 /* Debug */,
				F62E1C35289F45ED009443A9 /* Release */,
			);
			defaultConfigurationIsVisible = 0;
			defaultConfigurationName = Release;
		};
/* End XCConfigurationList section */

/* Begin XCVersionGroup section */
		F62E1C28289F45EB009443A9 /* DataStorage_HW_14.xcdatamodeld */ = {
			isa = XCVersionGroup;
			children = (
				F62E1C29289F45EB009443A9 /* DataStorage_HW_14.xcdatamodel */,
			);
			currentVersion = F62E1C29289F45EB009443A9 /* DataStorage_HW_14.xcdatamodel */;
			path = DataStorage_HW_14.xcdatamodeld;
			sourceTree = "<group>";
			versionGroupType = wrapper.xcdatamodel;
		};
/* End XCVersionGroup section */
	};
	rootObject = F62E1C14289F45EB009443A9 /* Project object */;
}
